
Microsoft Visual Studio Solution File, Format Version 12.00
# Visual Studio Version 17
VisualStudioVersion = 17.5.33516.290
MinimumVisualStudioVersion = 10.0.40219.1
Project("{9A19103F-16F7-4668-BE54-9A1E7A4F7556}") = "SomeApi", "SomeApi\SomeApi.csproj", "{ADF69F5E-79EA-422E-9231-6B5993D181C0}"
EndProject
Global
	GlobalSection(SolutionConfigurationPlatforms) = preSolution
		Debug|Any CPU = Debug|Any CPU
		Release|Any CPU = Release|Any CPU
	EndGlobalSection
	GlobalSection(ProjectConfigurationPlatforms) = postSolution
		{ADF69F5E-79EA-422E-9231-6B5993D181C0}.Debug|Any CPU.ActiveCfg = Debug|Any CPU
		{ADF69F5E-79EA-422E-9231-6B5993D181C0}.Debug|Any CPU.Build.0 = Debug|Any CPU
		{ADF69F5E-79EA-422E-9231-6B5993D181C0}.Release|Any CPU.ActiveCfg = Release|Any CPU
		{ADF69F5E-79EA-422E-9231-6B5993D181C0}.Release|Any CPU.Build.0 = Release|Any CPU
	EndGlobalSection
	GlobalSection(SolutionProperties) = preSolution
		HideSolutionNode = FALSE
	EndGlobalSection
	GlobalSection(ExtensibilityGlobals) = postSolution
		SolutionGuid = {44E1BFF7-34AB-40F4-8AB9-8CF6FEB51296}
	EndGlobalSection
EndGlobal
